
Microsoft Visual Studio Solution File, Format Version 12.00
# Visual Studio 14
VisualStudioVersion = 14.0.24720.0
MinimumVisualStudioVersion = 10.0.40219.1
Project("{FAE04EC0-301F-11D3-BF4B-00C04F79EFBC}") = "Kata.FizzBuzz.Implementation", "..\Kata.FizzBuzz.Implementation\Kata.FizzBuzz.Implementation\Kata.FizzBuzz.Implementation.csproj", "{FEDF9902-6C72-4FBA-91A0-13A1EC32E3EA}"
EndProject
Project("{FAE04EC0-301F-11D3-BF4B-00C04F79EFBC}") = "Kata.FizzBuzz.Test", "..\Kata.FizzBuzz.Implementation\Kata.FizzBuzz.Test\Kata.FizzBuzz.Test.csproj", "{1B19FA4A-8616-40B3-AAC7-7233464128FB}"
EndProject
Project("{2150E333-8FDC-42A3-9474-1A3956D46DE8}") = "Katas", "Katas", "{1466E1B2-78B1-4A97-BCCE-668CCBCEF9F6}"
EndProject
Global
	GlobalSection(SolutionConfigurationPlatforms) = preSolution
		Debug|Any CPU = Debug|Any CPU
		Release|Any CPU = Release|Any CPU
	EndGlobalSection
	GlobalSection(ProjectConfigurationPlatforms) = postSolution
		{FEDF9902-6C72-4FBA-91A0-13A1EC32E3EA}.Debug|Any CPU.ActiveCfg = Debug|Any CPU
		{FEDF9902-6C72-4FBA-91A0-13A1EC32E3EA}.Debug|Any CPU.Build.0 = Debug|Any CPU
		{FEDF9902-6C72-4FBA-91A0-13A1EC32E3EA}.Release|Any CPU.ActiveCfg = Release|Any CPU
		{FEDF9902-6C72-4FBA-91A0-13A1EC32E3EA}.Release|Any CPU.Build.0 = Release|Any CPU
		{1B19FA4A-8616-40B3-AAC7-7233464128FB}.Debug|Any CPU.ActiveCfg = Debug|Any CPU
		{1B19FA4A-8616-40B3-AAC7-7233464128FB}.Debug|Any CPU.Build.0 = Debug|Any CPU
		{1B19FA4A-8616-40B3-AAC7-7233464128FB}.Release|Any CPU.ActiveCfg = Release|Any CPU
		{1B19FA4A-8616-40B3-AAC7-7233464128FB}.Release|Any CPU.Build.0 = Release|Any CPU
	EndGlobalSection
	GlobalSection(SolutionProperties) = preSolution
		HideSolutionNode = FALSE
	EndGlobalSection
	GlobalSection(NestedProjects) = preSolution
		{FEDF9902-6C72-4FBA-91A0-13A1EC32E3EA} = {1466E1B2-78B1-4A97-BCCE-668CCBCEF9F6}
		{1B19FA4A-8616-40B3-AAC7-7233464128FB} = {1466E1B2-78B1-4A97-BCCE-668CCBCEF9F6}
	EndGlobalSection
EndGlobal
