
Microsoft Visual Studio Solution File, Format Version 12.00
# Visual Studio 14
VisualStudioVersion = 14.0.24720.0
MinimumVisualStudioVersion = 10.0.40219.1
Project("{FAE04EC0-301F-11D3-BF4B-00C04F79EFBC}") = "Homework", "HomeWork\Homework.csproj", "{860C01B5-2701-4230-8AAE-186084F3B7B6}"
EndProject
Project("{FAE04EC0-301F-11D3-BF4B-00C04F79EFBC}") = "Homework.Test", "HomeWork.Test\Homework.Test.csproj", "{717AEE0D-427E-48B0-8580-FDE08DE70B14}"
EndProject
Global
	GlobalSection(SolutionConfigurationPlatforms) = preSolution
		Debug|Any CPU = Debug|Any CPU
		Release|Any CPU = Release|Any CPU
	EndGlobalSection
	GlobalSection(ProjectConfigurationPlatforms) = postSolution
		{860C01B5-2701-4230-8AAE-186084F3B7B6}.Debug|Any CPU.ActiveCfg = Debug|Any CPU
		{860C01B5-2701-4230-8AAE-186084F3B7B6}.Debug|Any CPU.Build.0 = Debug|Any CPU
		{860C01B5-2701-4230-8AAE-186084F3B7B6}.Release|Any CPU.ActiveCfg = Release|Any CPU
		{860C01B5-2701-4230-8AAE-186084F3B7B6}.Release|Any CPU.Build.0 = Release|Any CPU
		{717AEE0D-427E-48B0-8580-FDE08DE70B14}.Debug|Any CPU.ActiveCfg = Debug|Any CPU
		{717AEE0D-427E-48B0-8580-FDE08DE70B14}.Debug|Any CPU.Build.0 = Debug|Any CPU
		{717AEE0D-427E-48B0-8580-FDE08DE70B14}.Release|Any CPU.ActiveCfg = Release|Any CPU
		{717AEE0D-427E-48B0-8580-FDE08DE70B14}.Release|Any CPU.Build.0 = Release|Any CPU
	EndGlobalSection
	GlobalSection(SolutionProperties) = preSolution
		HideSolutionNode = FALSE
	EndGlobalSection
EndGlobal
